
Microsoft Visual Studio Solution File, Format Version 12.00
# Visual Studio 14
VisualStudioVersion = 14.0.25420.1
MinimumVisualStudioVersion = 10.0.40219.1
Project("{FAE04EC0-301F-11D3-BF4B-00C04F79EFBC}") = "GetExchangeRate", "ReadExchangeRate\GetExchangeRate.csproj", "{B97A5064-38E9-4D32-93E3-870D6FA20B3E}"
EndProject
Project("{FAE04EC0-301F-11D3-BF4B-00C04F79EFBC}") = "ShowExchangeRate", "ShowExchangeRate\ShowExchangeRate.csproj", "{7F12A285-29B9-4526-8943-3240A3762FF9}"
EndProject
Project("{FAE04EC0-301F-11D3-BF4B-00C04F79EFBC}") = "ExchangeRateModel", "Model\ExchangeRateModel.csproj", "{C53F6F71-0928-4343-A9C2-5624A5A72CAE}"
EndProject
Global
	GlobalSection(SolutionConfigurationPlatforms) = preSolution
		Debug|Any CPU = Debug|Any CPU
		Release|Any CPU = Release|Any CPU
	EndGlobalSection
	GlobalSection(ProjectConfigurationPlatforms) = postSolution
		{B97A5064-38E9-4D32-93E3-870D6FA20B3E}.Debug|Any CPU.ActiveCfg = Debug|Any CPU
		{B97A5064-38E9-4D32-93E3-870D6FA20B3E}.Debug|Any CPU.Build.0 = Debug|Any CPU
		{B97A5064-38E9-4D32-93E3-870D6FA20B3E}.Release|Any CPU.ActiveCfg = Release|Any CPU
		{B97A5064-38E9-4D32-93E3-870D6FA20B3E}.Release|Any CPU.Build.0 = Release|Any CPU
		{7F12A285-29B9-4526-8943-3240A3762FF9}.Debug|Any CPU.ActiveCfg = Debug|Any CPU
		{7F12A285-29B9-4526-8943-3240A3762FF9}.Debug|Any CPU.Build.0 = Debug|Any CPU
		{7F12A285-29B9-4526-8943-3240A3762FF9}.Release|Any CPU.ActiveCfg = Release|Any CPU
		{7F12A285-29B9-4526-8943-3240A3762FF9}.Release|Any CPU.Build.0 = Release|Any CPU
		{C53F6F71-0928-4343-A9C2-5624A5A72CAE}.Debug|Any CPU.ActiveCfg = Debug|Any CPU
		{C53F6F71-0928-4343-A9C2-5624A5A72CAE}.Debug|Any CPU.Build.0 = Debug|Any CPU
		{C53F6F71-0928-4343-A9C2-5624A5A72CAE}.Release|Any CPU.ActiveCfg = Release|Any CPU
		{C53F6F71-0928-4343-A9C2-5624A5A72CAE}.Release|Any CPU.Build.0 = Release|Any CPU
	EndGlobalSection
	GlobalSection(SolutionProperties) = preSolution
		HideSolutionNode = FALSE
	EndGlobalSection
EndGlobal
